
Microsoft Visual Studio Solution File, Format Version 12.00
Project("{FAE04EC0-301F-11D3-BF4B-00C04F79EFBC}") = "DesignPatterns", "DesignPatterns\DesignPatterns.csproj", "{62F7ABF6-9046-46F9-937B-359F7224995C}"
EndProject
Project("{FAE04EC0-301F-11D3-BF4B-00C04F79EFBC}") = "Strategy", "Strategy\Strategy.csproj", "{400C7770-E6C7-434B-8636-B6EC66066A7D}"
EndProject
Project("{FAE04EC0-301F-11D3-BF4B-00C04F79EFBC}") = "Observer", "Observer\Observer.csproj", "{766F00E7-4A31-4377-96E1-670EB0BD5161}"
EndProject
Project("{FAE04EC0-301F-11D3-BF4B-00C04F79EFBC}") = "Decorator", "Decorator\Decorator.csproj", "{907791E5-A8A2-492C-A91E-251BDCCC4A2F}"
EndProject
Project("{FAE04EC0-301F-11D3-BF4B-00C04F79EFBC}") = "Strategy2", "Strategy2\Strategy2.csproj", "{B86FA6CB-EE97-4A82-8DE4-9DE3D88681F3}"
EndProject
Project("{FAE04EC0-301F-11D3-BF4B-00C04F79EFBC}") = "TestProject1", "TestProject1\TestProject1.csproj", "{3A5745CB-56AE-482D-AB68-8DC9988160A9}"
EndProject
Project("{FAE04EC0-301F-11D3-BF4B-00C04F79EFBC}") = "FactorySimple", "FactorySimple\FactorySimple.csproj", "{72DC321D-0DE5-4E3A-BA5B-677F073FF896}"
EndProject
Project("{FAE04EC0-301F-11D3-BF4B-00C04F79EFBC}") = "FactoryMethod", "FactoryMethod\FactoryMethod.csproj", "{0E140BAD-58CB-45B0-8C0F-2D5FEBB1B666}"
EndProject
Project("{2150E333-8FDC-42A3-9474-1A3956D46DE8}") = "Factory", "Factory", "{F7A61B16-4182-48D1-B2CD-6F4DF8791DEE}"
EndProject
Project("{FAE04EC0-301F-11D3-BF4B-00C04F79EFBC}") = "AbstractFactory", "AbstractFactory\AbstractFactory.csproj", "{04A58AEB-0EDE-433F-ADA5-0F6136C93298}"
EndProject
Project("{FAE04EC0-301F-11D3-BF4B-00C04F79EFBC}") = "Command", "Command\Command.csproj", "{42982081-A3F8-4DFE-A75C-F72B16BFA0BC}"
EndProject
Global
	GlobalSection(SolutionConfigurationPlatforms) = preSolution
		Debug|Any CPU = Debug|Any CPU
		Release|Any CPU = Release|Any CPU
	EndGlobalSection
	GlobalSection(ProjectConfigurationPlatforms) = postSolution
		{62F7ABF6-9046-46F9-937B-359F7224995C}.Debug|Any CPU.ActiveCfg = Debug|Any CPU
		{62F7ABF6-9046-46F9-937B-359F7224995C}.Debug|Any CPU.Build.0 = Debug|Any CPU
		{62F7ABF6-9046-46F9-937B-359F7224995C}.Release|Any CPU.ActiveCfg = Release|Any CPU
		{62F7ABF6-9046-46F9-937B-359F7224995C}.Release|Any CPU.Build.0 = Release|Any CPU
		{400C7770-E6C7-434B-8636-B6EC66066A7D}.Debug|Any CPU.ActiveCfg = Debug|Any CPU
		{400C7770-E6C7-434B-8636-B6EC66066A7D}.Debug|Any CPU.Build.0 = Debug|Any CPU
		{400C7770-E6C7-434B-8636-B6EC66066A7D}.Release|Any CPU.ActiveCfg = Release|Any CPU
		{400C7770-E6C7-434B-8636-B6EC66066A7D}.Release|Any CPU.Build.0 = Release|Any CPU
		{766F00E7-4A31-4377-96E1-670EB0BD5161}.Debug|Any CPU.ActiveCfg = Debug|Any CPU
		{766F00E7-4A31-4377-96E1-670EB0BD5161}.Debug|Any CPU.Build.0 = Debug|Any CPU
		{766F00E7-4A31-4377-96E1-670EB0BD5161}.Release|Any CPU.ActiveCfg = Release|Any CPU
		{766F00E7-4A31-4377-96E1-670EB0BD5161}.Release|Any CPU.Build.0 = Release|Any CPU
		{907791E5-A8A2-492C-A91E-251BDCCC4A2F}.Debug|Any CPU.ActiveCfg = Debug|Any CPU
		{907791E5-A8A2-492C-A91E-251BDCCC4A2F}.Debug|Any CPU.Build.0 = Debug|Any CPU
		{907791E5-A8A2-492C-A91E-251BDCCC4A2F}.Release|Any CPU.ActiveCfg = Release|Any CPU
		{907791E5-A8A2-492C-A91E-251BDCCC4A2F}.Release|Any CPU.Build.0 = Release|Any CPU
		{B86FA6CB-EE97-4A82-8DE4-9DE3D88681F3}.Debug|Any CPU.ActiveCfg = Debug|Any CPU
		{B86FA6CB-EE97-4A82-8DE4-9DE3D88681F3}.Debug|Any CPU.Build.0 = Debug|Any CPU
		{B86FA6CB-EE97-4A82-8DE4-9DE3D88681F3}.Release|Any CPU.ActiveCfg = Release|Any CPU
		{B86FA6CB-EE97-4A82-8DE4-9DE3D88681F3}.Release|Any CPU.Build.0 = Release|Any CPU
		{3A5745CB-56AE-482D-AB68-8DC9988160A9}.Debug|Any CPU.ActiveCfg = Debug|Any CPU
		{3A5745CB-56AE-482D-AB68-8DC9988160A9}.Debug|Any CPU.Build.0 = Debug|Any CPU
		{3A5745CB-56AE-482D-AB68-8DC9988160A9}.Release|Any CPU.ActiveCfg = Release|Any CPU
		{3A5745CB-56AE-482D-AB68-8DC9988160A9}.Release|Any CPU.Build.0 = Release|Any CPU
		{72DC321D-0DE5-4E3A-BA5B-677F073FF896}.Debug|Any CPU.ActiveCfg = Debug|Any CPU
		{72DC321D-0DE5-4E3A-BA5B-677F073FF896}.Debug|Any CPU.Build.0 = Debug|Any CPU
		{72DC321D-0DE5-4E3A-BA5B-677F073FF896}.Release|Any CPU.ActiveCfg = Release|Any CPU
		{72DC321D-0DE5-4E3A-BA5B-677F073FF896}.Release|Any CPU.Build.0 = Release|Any CPU
		{0E140BAD-58CB-45B0-8C0F-2D5FEBB1B666}.Debug|Any CPU.ActiveCfg = Debug|Any CPU
		{0E140BAD-58CB-45B0-8C0F-2D5FEBB1B666}.Debug|Any CPU.Build.0 = Debug|Any CPU
		{0E140BAD-58CB-45B0-8C0F-2D5FEBB1B666}.Release|Any CPU.ActiveCfg = Release|Any CPU
		{0E140BAD-58CB-45B0-8C0F-2D5FEBB1B666}.Release|Any CPU.Build.0 = Release|Any CPU
		{04A58AEB-0EDE-433F-ADA5-0F6136C93298}.Debug|Any CPU.ActiveCfg = Debug|Any CPU
		{04A58AEB-0EDE-433F-ADA5-0F6136C93298}.Debug|Any CPU.Build.0 = Debug|Any CPU
		{04A58AEB-0EDE-433F-ADA5-0F6136C93298}.Release|Any CPU.ActiveCfg = Release|Any CPU
		{04A58AEB-0EDE-433F-ADA5-0F6136C93298}.Release|Any CPU.Build.0 = Release|Any CPU
		{42982081-A3F8-4DFE-A75C-F72B16BFA0BC}.Debug|Any CPU.ActiveCfg = Debug|Any CPU
		{42982081-A3F8-4DFE-A75C-F72B16BFA0BC}.Debug|Any CPU.Build.0 = Debug|Any CPU
		{42982081-A3F8-4DFE-A75C-F72B16BFA0BC}.Release|Any CPU.ActiveCfg = Release|Any CPU
		{42982081-A3F8-4DFE-A75C-F72B16BFA0BC}.Release|Any CPU.Build.0 = Release|Any CPU
	EndGlobalSection
	GlobalSection(NestedProjects) = preSolution
		{0E140BAD-58CB-45B0-8C0F-2D5FEBB1B666} = {F7A61B16-4182-48D1-B2CD-6F4DF8791DEE}
		{72DC321D-0DE5-4E3A-BA5B-677F073FF896} = {F7A61B16-4182-48D1-B2CD-6F4DF8791DEE}
		{04A58AEB-0EDE-433F-ADA5-0F6136C93298} = {F7A61B16-4182-48D1-B2CD-6F4DF8791DEE}
	EndGlobalSection
EndGlobal
